
Microsoft Visual Studio Solution File, Format Version 12.00
# Visual Studio 14
VisualStudioVersion = 14.0.25420.1
MinimumVisualStudioVersion = 10.0.40219.1
Project("{2150E333-8FDC-42A3-9474-1A3956D46DE8}") = "C_Sharp", "C_Sharp", "{1B694160-E0C3-448C-B079-88808D886A31}"
EndProject
Project("{FAE04EC0-301F-11D3-BF4B-00C04F79EFBC}") = "Group_Anagrams", "Group_Anagrams\Group_Anagrams.csproj", "{C08B193D-14A8-4BFF-8E73-CD11218BB780}"
EndProject
Project("{FAE04EC0-301F-11D3-BF4B-00C04F79EFBC}") = "postorder_from_inorder_preorder", "postorder_from_inorder_preorder\postorder_from_inorder_preorder.csproj", "{1D70C4EE-B905-4914-BF95-1A15DCE4119D}"
EndProject
Project("{FAE04EC0-301F-11D3-BF4B-00C04F79EFBC}") = "Nuts_And_Bolts", "Nuts_And_Bolts\Nuts_And_Bolts.csproj", "{AE0F31C5-66D5-4729-B658-9D810D8DAFC0}"
EndProject
Project("{FAE04EC0-301F-11D3-BF4B-00C04F79EFBC}") = "Closest_elements_to_value", "Closest_elements_to_value\Closest_elements_to_value.csproj", "{69F83FD2-D899-46B5-AE6C-6B9C816E36BB}"
EndProject
Project("{FAE04EC0-301F-11D3-BF4B-00C04F79EFBC}") = "Distance_Between_TwoNodes_BinaryTree", "Distance_Between_TwoNodes_BinaryTree\Distance_Between_TwoNodes_BinaryTree.csproj", "{EEE93870-B37E-43C0-9FBC-B9B1C1AEC020}"
EndProject
Project("{2150E333-8FDC-42A3-9474-1A3956D46DE8}") = "Misc", "Misc", "{4A839044-2698-4339-8975-5DE93A1A9A85}"
	ProjectSection(SolutionItems) = preProject
		Design.txt = Design.txt
		Dynamic_Programming.txt = Dynamic_Programming.txt
		Stuck.txt = Stuck.txt
		Theoretical.txt = Theoretical.txt
	EndProjectSection
EndProject
Project("{FAE04EC0-301F-11D3-BF4B-00C04F79EFBC}") = "Level_Order_Tree_Traversal", "Level_Order_Tree_Traversal\Level_Order_Tree_Traversal.csproj", "{C8B23725-5AD5-4E30-AE5F-10912ADFBE41}"
EndProject
Project("{FAE04EC0-301F-11D3-BF4B-00C04F79EFBC}") = "ShortestChain_Length_To_Reach_TargetWord", "ShortestChain_Length_To_Reach_TargetWord\ShortestChain_Length_To_Reach_TargetWord.csproj", "{389E7BCC-3A5E-4F28-B4FF-E8095AB53E34}"
EndProject
Project("{FAE04EC0-301F-11D3-BF4B-00C04F79EFBC}") = "BinaryTree_Subtree_Of_Another_BinaryTree", "BinaryTree_Subtree_Of_Another_BinaryTree\BinaryTree_Subtree_Of_Another_BinaryTree.csproj", "{05DBBB30-1D67-4803-B72F-C765BFC86F0D}"
EndProject
Project("{FAE04EC0-301F-11D3-BF4B-00C04F79EFBC}") = "IntersectionPoint_Two_LinkedLists", "IntersectionPoint_Two_LinkedLists\IntersectionPoint_Two_LinkedLists.csproj", "{C0A09F1D-4BFD-4BCF-A145-25C3C7B01276}"
EndProject
Project("{FAE04EC0-301F-11D3-BF4B-00C04F79EFBC}") = "SortedArray_To_BST", "SortedArray_To_BST\SortedArray_To_BST.csproj", "{7571B08D-0C4D-4359-B748-847A28C5F309}"
EndProject
Project("{FAE04EC0-301F-11D3-BF4B-00C04F79EFBC}") = "AllPossiblePaths_From_TopLeft_DoubleMatrix", "AllPossiblePaths_From_TopLeft_DoubleMatrix\AllPossiblePaths_From_TopLeft_DoubleMatrix.csproj", "{AF85526D-0079-4C81-B05C-171989417679}"
EndProject
Project("{FAE04EC0-301F-11D3-BF4B-00C04F79EFBC}") = "BinaryTree_To_Mirror_Tree", "BinaryTree_To_Mirror_Tree\BinaryTree_To_Mirror_Tree.csproj", "{E7334FF4-58C0-467D-8A9B-5BD8AB6A8105}"
EndProject
Project("{FAE04EC0-301F-11D3-BF4B-00C04F79EFBC}") = "Remove_Duplicates_From_InputString", "Remove_Duplicates_From_InputString\Remove_Duplicates_From_InputString.csproj", "{4FF1484D-06E0-4AB7-9D47-22471EE95A74}"
EndProject
Project("{FAE04EC0-301F-11D3-BF4B-00C04F79EFBC}") = "Inorder_PredecessorSuccessor_GivenKey_BST", "Inorder_PredecessorSuccessor_GivenKey_BST\Inorder_PredecessorSuccessor_GivenKey_BST.csproj", "{55B77958-B7E7-464C-84E6-B0D20788F696}"
EndProject
Project("{FAE04EC0-301F-11D3-BF4B-00C04F79EFBC}") = "AllNodes_AtDistance_K_From_GivenNode", "AllNodes_AtDistance_K_From_GivenNode\AllNodes_AtDistance_K_From_GivenNode.csproj", "{2BDC3BA5-E68F-43A5-81D0-7ACA569536EC}"
EndProject
Project("{FAE04EC0-301F-11D3-BF4B-00C04F79EFBC}") = "Check_If_BinaryTree_Is_BST", "Check_If_BinaryTree_Is_BST\Check_If_BinaryTree_Is_BST.csproj", "{659E8FE3-EC4A-4BEF-973B-A9F21BCC8DF8}"
EndProject
Project("{FAE04EC0-301F-11D3-BF4B-00C04F79EFBC}") = "Nodes_Without_Sibling_BinaryTree", "Nodes_Without_Sibling_BinaryTree\Nodes_Without_Sibling_BinaryTree.csproj", "{ECB477EF-AFAF-4908-B971-A4830E57CAAB}"
EndProject
Project("{FAE04EC0-301F-11D3-BF4B-00C04F79EFBC}") = "Reverse_LinkedList", "Reverse_LinkedList\Reverse_LinkedList.csproj", "{072A88B0-3131-400E-AE33-F5A87B395B69}"
EndProject
Project("{2150E333-8FDC-42A3-9474-1A3956D46DE8}") = "DP", "DP", "{70F66D3E-8D54-4075-A0CE-38893D452086}"
EndProject
Project("{FAE04EC0-301F-11D3-BF4B-00C04F79EFBC}") = "Longest_Palindromic_Subsequence", "Longest_Palindromic_Subsequence\Longest_Palindromic_Subsequence.csproj", "{9EF55112-4679-4300-974A-266839696042}"
EndProject
Project("{2150E333-8FDC-42A3-9474-1A3956D46DE8}") = "Basic", "Basic", "{6E579222-297B-476C-9AF4-ABC0C59C18D3}"
EndProject
Project("{FAE04EC0-301F-11D3-BF4B-00C04F79EFBC}") = "Unique_Characters_From_TwoStrings", "Unique_Characters_From_TwoStrings\Unique_Characters_From_TwoStrings.csproj", "{9F800AD8-8C09-4C6A-99CF-749B59EBE74E}"
EndProject
Project("{FAE04EC0-301F-11D3-BF4B-00C04F79EFBC}") = "Balanced_Parentheses_In_Expression", "Balanced_Parentheses_In_Expression\Balanced_Parentheses_In_Expression.csproj", "{9C611B0B-9D8A-46A0-A649-9F0B821856A2}"
EndProject
Project("{FAE04EC0-301F-11D3-BF4B-00C04F79EFBC}") = "MinimumNumber_Of_Platforms_Required_RailwayStation", "MinimumNumber_Of_Platforms_Required_RailwayStation\MinimumNumber_Of_Platforms_Required_RailwayStation.csproj", "{1950E085-7F39-4C22-A934-F6FAB2E322E3}"
EndProject
Project("{FAE04EC0-301F-11D3-BF4B-00C04F79EFBC}") = "Implement_Stack_Using_SingleQueue", "Implement_Stack_Using_Queue\Implement_Stack_Using_SingleQueue.csproj", "{037F7AD2-67FD-49F3-9802-FCB4753BE0BA}"
EndProject
Project("{FAE04EC0-301F-11D3-BF4B-00C04F79EFBC}") = "Reverse_List_InGroups_Of_GivenSize", "Reverse_List_InGroups_Of_GivenSize\Reverse_List_InGroups_Of_GivenSize.csproj", "{49500D7F-265C-4652-BE85-64988D85E9A7}"
EndProject
Project("{FAE04EC0-301F-11D3-BF4B-00C04F79EFBC}") = "Clone_BinaryTree", "Clone_BinaryTree\Clone_BinaryTree.csproj", "{34030EFF-BAAA-431B-93AF-1A83E2247EBA}"
EndProject
Project("{FAE04EC0-301F-11D3-BF4B-00C04F79EFBC}") = "Maximize_Number_0s_Flipping_Subarray", "Maximize_Number_0s_Flipping_Subarray\Maximize_Number_0s_Flipping_Subarray.csproj", "{3C7F7853-E7E5-46E5-81F5-949C5452D5ED}"
EndProject
Project("{FAE04EC0-301F-11D3-BF4B-00C04F79EFBC}") = "Trie_DataStructures", "Trie_DataStructures\Trie_DataStructures.csproj", "{41EE6CB4-FE6B-4851-B78D-EDF8BE74A01E}"
EndProject
Project("{FAE04EC0-301F-11D3-BF4B-00C04F79EFBC}") = "Boundary_Traversal_Of_BinaryTree", "Boundary_Traversal_Of_BinaryTree\Boundary_Traversal_Of_BinaryTree.csproj", "{905BD664-9D5A-4C01-82ED-4AFB0512618B}"
EndProject
Project("{FAE04EC0-301F-11D3-BF4B-00C04F79EFBC}") = "Find_Tour_That_Visits_AllStations", "Find_Tour_That_Visits_AllStations\Find_Tour_That_Visits_AllStations.csproj", "{96E840E5-9246-4BC3-9EB1-BA2E49141A37}"
EndProject
Project("{FAE04EC0-301F-11D3-BF4B-00C04F79EFBC}") = "Position_Of_Rightmost_SetBit", "Position_Of_Rightmost_SetBit\Position_Of_Rightmost_SetBit.csproj", "{07384A04-1524-4FEB-AA13-837E926814C4}"
EndProject
Project("{FAE04EC0-301F-11D3-BF4B-00C04F79EFBC}") = "Add_TwoNos_Represented_By_LinkedLists", "Add_TwoNos_Represented_By_LinkedLists\Add_TwoNos_Represented_By_LinkedLists.csproj", "{A8DFFB9C-BE37-4486-81DE-E2E3A29A64A3}"
EndProject
Project("{FAE04EC0-301F-11D3-BF4B-00C04F79EFBC}") = "Search_In_Rowcolumn_Wise_SortedMatrix", "Search_In_Rowcolumn_Wise_SortedMatrix\Search_In_Rowcolumn_Wise_SortedMatrix.csproj", "{8C95FA90-E92C-4FB9-AFCB-61F578513CFE}"
EndProject
Project("{FAE04EC0-301F-11D3-BF4B-00C04F79EFBC}") = "CountNumber_Of_Occurrences_In_SortedArray", "CountNumber_Of_Occurrences_In_SortedArray\CountNumber_Of_Occurrences_In_SortedArray.csproj", "{7C6FDE1B-F653-4D96-AC1D-AE2792338574}"
EndProject
Project("{FAE04EC0-301F-11D3-BF4B-00C04F79EFBC}") = "CountNumber_With_Unique_Digits", "CountNumber_With_Unique_Digits\CountNumber_With_Unique_Digits.csproj", "{859B2A19-0C09-4E20-B1C3-D0DB22804D59}"
EndProject
Project("{FAE04EC0-301F-11D3-BF4B-00C04F79EFBC}") = "Inorder_Successor_In_BinarySearchTree", "Inorder_Successor_In_BinarySearchTree\Inorder_Successor_In_BinarySearchTree.csproj", "{A04E810B-B1F7-46CA-B307-C76BAFE2E6D7}"
EndProject
Project("{FAE04EC0-301F-11D3-BF4B-00C04F79EFBC}") = "Minimum_Cost_Path", "Minimum_Cost_Path\Minimum_Cost_Path.csproj", "{6DB3BB32-356F-4DC3-9D3E-3EB059C85909}"
EndProject
Project("{FAE04EC0-301F-11D3-BF4B-00C04F79EFBC}") = "Find_MergePoint_Of_Two_LinkedLists", "Find_MergePoint_Of_Two_LinkedLists\Find_MergePoint_Of_Two_LinkedLists.csproj", "{E394E7B5-A92B-41D7-AA44-BB582907E3FF}"
EndProject
Project("{FAE04EC0-301F-11D3-BF4B-00C04F79EFBC}") = "Reach_Nth_Stairs", "Reach_Nth_Stairs\Reach_Nth_Stairs.csproj", "{E5DE76E9-A850-48A6-B2CA-74DFAF19BBFF}"
EndProject
Project("{FAE04EC0-301F-11D3-BF4B-00C04F79EFBC}") = "SmallestWindowInString_With_AllChars_Of_AnotherString", "SmallestWindowInString_With_AllChars_Of_AnotherString\SmallestWindowInString_With_AllChars_Of_AnotherString.csproj", "{F60CAF5E-EDAE-439A-B09C-ADED90EDA322}"
EndProject
Global
	GlobalSection(SolutionConfigurationPlatforms) = preSolution
		Debug|Any CPU = Debug|Any CPU
		Release|Any CPU = Release|Any CPU
	EndGlobalSection
	GlobalSection(ProjectConfigurationPlatforms) = postSolution
		{C08B193D-14A8-4BFF-8E73-CD11218BB780}.Debug|Any CPU.ActiveCfg = Debug|Any CPU
		{C08B193D-14A8-4BFF-8E73-CD11218BB780}.Debug|Any CPU.Build.0 = Debug|Any CPU
		{C08B193D-14A8-4BFF-8E73-CD11218BB780}.Release|Any CPU.ActiveCfg = Release|Any CPU
		{C08B193D-14A8-4BFF-8E73-CD11218BB780}.Release|Any CPU.Build.0 = Release|Any CPU
		{1D70C4EE-B905-4914-BF95-1A15DCE4119D}.Debug|Any CPU.ActiveCfg = Debug|Any CPU
		{1D70C4EE-B905-4914-BF95-1A15DCE4119D}.Debug|Any CPU.Build.0 = Debug|Any CPU
		{1D70C4EE-B905-4914-BF95-1A15DCE4119D}.Release|Any CPU.ActiveCfg = Release|Any CPU
		{1D70C4EE-B905-4914-BF95-1A15DCE4119D}.Release|Any CPU.Build.0 = Release|Any CPU
		{AE0F31C5-66D5-4729-B658-9D810D8DAFC0}.Debug|Any CPU.ActiveCfg = Debug|Any CPU
		{AE0F31C5-66D5-4729-B658-9D810D8DAFC0}.Debug|Any CPU.Build.0 = Debug|Any CPU
		{AE0F31C5-66D5-4729-B658-9D810D8DAFC0}.Release|Any CPU.ActiveCfg = Release|Any CPU
		{AE0F31C5-66D5-4729-B658-9D810D8DAFC0}.Release|Any CPU.Build.0 = Release|Any CPU
		{69F83FD2-D899-46B5-AE6C-6B9C816E36BB}.Debug|Any CPU.ActiveCfg = Debug|Any CPU
		{69F83FD2-D899-46B5-AE6C-6B9C816E36BB}.Debug|Any CPU.Build.0 = Debug|Any CPU
		{69F83FD2-D899-46B5-AE6C-6B9C816E36BB}.Release|Any CPU.ActiveCfg = Release|Any CPU
		{69F83FD2-D899-46B5-AE6C-6B9C816E36BB}.Release|Any CPU.Build.0 = Release|Any CPU
		{EEE93870-B37E-43C0-9FBC-B9B1C1AEC020}.Debug|Any CPU.ActiveCfg = Debug|Any CPU
		{EEE93870-B37E-43C0-9FBC-B9B1C1AEC020}.Debug|Any CPU.Build.0 = Debug|Any CPU
		{EEE93870-B37E-43C0-9FBC-B9B1C1AEC020}.Release|Any CPU.ActiveCfg = Release|Any CPU
		{EEE93870-B37E-43C0-9FBC-B9B1C1AEC020}.Release|Any CPU.Build.0 = Release|Any CPU
		{C8B23725-5AD5-4E30-AE5F-10912ADFBE41}.Debug|Any CPU.ActiveCfg = Debug|Any CPU
		{C8B23725-5AD5-4E30-AE5F-10912ADFBE41}.Debug|Any CPU.Build.0 = Debug|Any CPU
		{C8B23725-5AD5-4E30-AE5F-10912ADFBE41}.Release|Any CPU.ActiveCfg = Release|Any CPU
		{C8B23725-5AD5-4E30-AE5F-10912ADFBE41}.Release|Any CPU.Build.0 = Release|Any CPU
		{389E7BCC-3A5E-4F28-B4FF-E8095AB53E34}.Debug|Any CPU.ActiveCfg = Debug|Any CPU
		{389E7BCC-3A5E-4F28-B4FF-E8095AB53E34}.Debug|Any CPU.Build.0 = Debug|Any CPU
		{389E7BCC-3A5E-4F28-B4FF-E8095AB53E34}.Release|Any CPU.ActiveCfg = Release|Any CPU
		{389E7BCC-3A5E-4F28-B4FF-E8095AB53E34}.Release|Any CPU.Build.0 = Release|Any CPU
		{05DBBB30-1D67-4803-B72F-C765BFC86F0D}.Debug|Any CPU.ActiveCfg = Debug|Any CPU
		{05DBBB30-1D67-4803-B72F-C765BFC86F0D}.Debug|Any CPU.Build.0 = Debug|Any CPU
		{05DBBB30-1D67-4803-B72F-C765BFC86F0D}.Release|Any CPU.ActiveCfg = Release|Any CPU
		{05DBBB30-1D67-4803-B72F-C765BFC86F0D}.Release|Any CPU.Build.0 = Release|Any CPU
		{C0A09F1D-4BFD-4BCF-A145-25C3C7B01276}.Debug|Any CPU.ActiveCfg = Debug|Any CPU
		{C0A09F1D-4BFD-4BCF-A145-25C3C7B01276}.Debug|Any CPU.Build.0 = Debug|Any CPU
		{C0A09F1D-4BFD-4BCF-A145-25C3C7B01276}.Release|Any CPU.ActiveCfg = Release|Any CPU
		{C0A09F1D-4BFD-4BCF-A145-25C3C7B01276}.Release|Any CPU.Build.0 = Release|Any CPU
		{7571B08D-0C4D-4359-B748-847A28C5F309}.Debug|Any CPU.ActiveCfg = Debug|Any CPU
		{7571B08D-0C4D-4359-B748-847A28C5F309}.Debug|Any CPU.Build.0 = Debug|Any CPU
		{7571B08D-0C4D-4359-B748-847A28C5F309}.Release|Any CPU.ActiveCfg = Release|Any CPU
		{7571B08D-0C4D-4359-B748-847A28C5F309}.Release|Any CPU.Build.0 = Release|Any CPU
		{AF85526D-0079-4C81-B05C-171989417679}.Debug|Any CPU.ActiveCfg = Debug|Any CPU
		{AF85526D-0079-4C81-B05C-171989417679}.Debug|Any CPU.Build.0 = Debug|Any CPU
		{AF85526D-0079-4C81-B05C-171989417679}.Release|Any CPU.ActiveCfg = Release|Any CPU
		{AF85526D-0079-4C81-B05C-171989417679}.Release|Any CPU.Build.0 = Release|Any CPU
		{E7334FF4-58C0-467D-8A9B-5BD8AB6A8105}.Debug|Any CPU.ActiveCfg = Debug|Any CPU
		{E7334FF4-58C0-467D-8A9B-5BD8AB6A8105}.Debug|Any CPU.Build.0 = Debug|Any CPU
		{E7334FF4-58C0-467D-8A9B-5BD8AB6A8105}.Release|Any CPU.ActiveCfg = Release|Any CPU
		{E7334FF4-58C0-467D-8A9B-5BD8AB6A8105}.Release|Any CPU.Build.0 = Release|Any CPU
		{4FF1484D-06E0-4AB7-9D47-22471EE95A74}.Debug|Any CPU.ActiveCfg = Debug|Any CPU
		{4FF1484D-06E0-4AB7-9D47-22471EE95A74}.Debug|Any CPU.Build.0 = Debug|Any CPU
		{4FF1484D-06E0-4AB7-9D47-22471EE95A74}.Release|Any CPU.ActiveCfg = Release|Any CPU
		{4FF1484D-06E0-4AB7-9D47-22471EE95A74}.Release|Any CPU.Build.0 = Release|Any CPU
		{55B77958-B7E7-464C-84E6-B0D20788F696}.Debug|Any CPU.ActiveCfg = Debug|Any CPU
		{55B77958-B7E7-464C-84E6-B0D20788F696}.Debug|Any CPU.Build.0 = Debug|Any CPU
		{55B77958-B7E7-464C-84E6-B0D20788F696}.Release|Any CPU.ActiveCfg = Release|Any CPU
		{55B77958-B7E7-464C-84E6-B0D20788F696}.Release|Any CPU.Build.0 = Release|Any CPU
		{2BDC3BA5-E68F-43A5-81D0-7ACA569536EC}.Debug|Any CPU.ActiveCfg = Debug|Any CPU
		{2BDC3BA5-E68F-43A5-81D0-7ACA569536EC}.Debug|Any CPU.Build.0 = Debug|Any CPU
		{2BDC3BA5-E68F-43A5-81D0-7ACA569536EC}.Release|Any CPU.ActiveCfg = Release|Any CPU
		{2BDC3BA5-E68F-43A5-81D0-7ACA569536EC}.Release|Any CPU.Build.0 = Release|Any CPU
		{659E8FE3-EC4A-4BEF-973B-A9F21BCC8DF8}.Debug|Any CPU.ActiveCfg = Debug|Any CPU
		{659E8FE3-EC4A-4BEF-973B-A9F21BCC8DF8}.Debug|Any CPU.Build.0 = Debug|Any CPU
		{659E8FE3-EC4A-4BEF-973B-A9F21BCC8DF8}.Release|Any CPU.ActiveCfg = Release|Any CPU
		{659E8FE3-EC4A-4BEF-973B-A9F21BCC8DF8}.Release|Any CPU.Build.0 = Release|Any CPU
		{ECB477EF-AFAF-4908-B971-A4830E57CAAB}.Debug|Any CPU.ActiveCfg = Debug|Any CPU
		{ECB477EF-AFAF-4908-B971-A4830E57CAAB}.Debug|Any CPU.Build.0 = Debug|Any CPU
		{ECB477EF-AFAF-4908-B971-A4830E57CAAB}.Release|Any CPU.ActiveCfg = Release|Any CPU
		{ECB477EF-AFAF-4908-B971-A4830E57CAAB}.Release|Any CPU.Build.0 = Release|Any CPU
		{072A88B0-3131-400E-AE33-F5A87B395B69}.Debug|Any CPU.ActiveCfg = Debug|Any CPU
		{072A88B0-3131-400E-AE33-F5A87B395B69}.Debug|Any CPU.Build.0 = Debug|Any CPU
		{072A88B0-3131-400E-AE33-F5A87B395B69}.Release|Any CPU.ActiveCfg = Release|Any CPU
		{072A88B0-3131-400E-AE33-F5A87B395B69}.Release|Any CPU.Build.0 = Release|Any CPU
		{9EF55112-4679-4300-974A-266839696042}.Debug|Any CPU.ActiveCfg = Debug|Any CPU
		{9EF55112-4679-4300-974A-266839696042}.Debug|Any CPU.Build.0 = Debug|Any CPU
		{9EF55112-4679-4300-974A-266839696042}.Release|Any CPU.ActiveCfg = Release|Any CPU
		{9EF55112-4679-4300-974A-266839696042}.Release|Any CPU.Build.0 = Release|Any CPU
		{9F800AD8-8C09-4C6A-99CF-749B59EBE74E}.Debug|Any CPU.ActiveCfg = Debug|Any CPU
		{9F800AD8-8C09-4C6A-99CF-749B59EBE74E}.Debug|Any CPU.Build.0 = Debug|Any CPU
		{9F800AD8-8C09-4C6A-99CF-749B59EBE74E}.Release|Any CPU.ActiveCfg = Release|Any CPU
		{9F800AD8-8C09-4C6A-99CF-749B59EBE74E}.Release|Any CPU.Build.0 = Release|Any CPU
		{9C611B0B-9D8A-46A0-A649-9F0B821856A2}.Debug|Any CPU.ActiveCfg = Debug|Any CPU
		{9C611B0B-9D8A-46A0-A649-9F0B821856A2}.Debug|Any CPU.Build.0 = Debug|Any CPU
		{9C611B0B-9D8A-46A0-A649-9F0B821856A2}.Release|Any CPU.ActiveCfg = Release|Any CPU
		{9C611B0B-9D8A-46A0-A649-9F0B821856A2}.Release|Any CPU.Build.0 = Release|Any CPU
		{1950E085-7F39-4C22-A934-F6FAB2E322E3}.Debug|Any CPU.ActiveCfg = Debug|Any CPU
		{1950E085-7F39-4C22-A934-F6FAB2E322E3}.Debug|Any CPU.Build.0 = Debug|Any CPU
		{1950E085-7F39-4C22-A934-F6FAB2E322E3}.Release|Any CPU.ActiveCfg = Release|Any CPU
		{1950E085-7F39-4C22-A934-F6FAB2E322E3}.Release|Any CPU.Build.0 = Release|Any CPU
		{037F7AD2-67FD-49F3-9802-FCB4753BE0BA}.Debug|Any CPU.ActiveCfg = Debug|Any CPU
		{037F7AD2-67FD-49F3-9802-FCB4753BE0BA}.Debug|Any CPU.Build.0 = Debug|Any CPU
		{037F7AD2-67FD-49F3-9802-FCB4753BE0BA}.Release|Any CPU.ActiveCfg = Release|Any CPU
		{037F7AD2-67FD-49F3-9802-FCB4753BE0BA}.Release|Any CPU.Build.0 = Release|Any CPU
		{49500D7F-265C-4652-BE85-64988D85E9A7}.Debug|Any CPU.ActiveCfg = Debug|Any CPU
		{49500D7F-265C-4652-BE85-64988D85E9A7}.Debug|Any CPU.Build.0 = Debug|Any CPU
		{49500D7F-265C-4652-BE85-64988D85E9A7}.Release|Any CPU.ActiveCfg = Release|Any CPU
		{49500D7F-265C-4652-BE85-64988D85E9A7}.Release|Any CPU.Build.0 = Release|Any CPU
		{34030EFF-BAAA-431B-93AF-1A83E2247EBA}.Debug|Any CPU.ActiveCfg = Debug|Any CPU
		{34030EFF-BAAA-431B-93AF-1A83E2247EBA}.Debug|Any CPU.Build.0 = Debug|Any CPU
		{34030EFF-BAAA-431B-93AF-1A83E2247EBA}.Release|Any CPU.ActiveCfg = Release|Any CPU
		{34030EFF-BAAA-431B-93AF-1A83E2247EBA}.Release|Any CPU.Build.0 = Release|Any CPU
		{3C7F7853-E7E5-46E5-81F5-949C5452D5ED}.Debug|Any CPU.ActiveCfg = Debug|Any CPU
		{3C7F7853-E7E5-46E5-81F5-949C5452D5ED}.Debug|Any CPU.Build.0 = Debug|Any CPU
		{3C7F7853-E7E5-46E5-81F5-949C5452D5ED}.Release|Any CPU.ActiveCfg = Release|Any CPU
		{3C7F7853-E7E5-46E5-81F5-949C5452D5ED}.Release|Any CPU.Build.0 = Release|Any CPU
		{41EE6CB4-FE6B-4851-B78D-EDF8BE74A01E}.Debug|Any CPU.ActiveCfg = Debug|Any CPU
		{41EE6CB4-FE6B-4851-B78D-EDF8BE74A01E}.Debug|Any CPU.Build.0 = Debug|Any CPU
		{41EE6CB4-FE6B-4851-B78D-EDF8BE74A01E}.Release|Any CPU.ActiveCfg = Release|Any CPU
		{41EE6CB4-FE6B-4851-B78D-EDF8BE74A01E}.Release|Any CPU.Build.0 = Release|Any CPU
		{905BD664-9D5A-4C01-82ED-4AFB0512618B}.Debug|Any CPU.ActiveCfg = Debug|Any CPU
		{905BD664-9D5A-4C01-82ED-4AFB0512618B}.Debug|Any CPU.Build.0 = Debug|Any CPU
		{905BD664-9D5A-4C01-82ED-4AFB0512618B}.Release|Any CPU.ActiveCfg = Release|Any CPU
		{905BD664-9D5A-4C01-82ED-4AFB0512618B}.Release|Any CPU.Build.0 = Release|Any CPU
		{96E840E5-9246-4BC3-9EB1-BA2E49141A37}.Debug|Any CPU.ActiveCfg = Debug|Any CPU
		{96E840E5-9246-4BC3-9EB1-BA2E49141A37}.Debug|Any CPU.Build.0 = Debug|Any CPU
		{96E840E5-9246-4BC3-9EB1-BA2E49141A37}.Release|Any CPU.ActiveCfg = Release|Any CPU
		{96E840E5-9246-4BC3-9EB1-BA2E49141A37}.Release|Any CPU.Build.0 = Release|Any CPU
		{07384A04-1524-4FEB-AA13-837E926814C4}.Debug|Any CPU.ActiveCfg = Debug|Any CPU
		{07384A04-1524-4FEB-AA13-837E926814C4}.Debug|Any CPU.Build.0 = Debug|Any CPU
		{07384A04-1524-4FEB-AA13-837E926814C4}.Release|Any CPU.ActiveCfg = Release|Any CPU
		{07384A04-1524-4FEB-AA13-837E926814C4}.Release|Any CPU.Build.0 = Release|Any CPU
		{A8DFFB9C-BE37-4486-81DE-E2E3A29A64A3}.Debug|Any CPU.ActiveCfg = Debug|Any CPU
		{A8DFFB9C-BE37-4486-81DE-E2E3A29A64A3}.Debug|Any CPU.Build.0 = Debug|Any CPU
		{A8DFFB9C-BE37-4486-81DE-E2E3A29A64A3}.Release|Any CPU.ActiveCfg = Release|Any CPU
		{A8DFFB9C-BE37-4486-81DE-E2E3A29A64A3}.Release|Any CPU.Build.0 = Release|Any CPU
		{8C95FA90-E92C-4FB9-AFCB-61F578513CFE}.Debug|Any CPU.ActiveCfg = Debug|Any CPU
		{8C95FA90-E92C-4FB9-AFCB-61F578513CFE}.Debug|Any CPU.Build.0 = Debug|Any CPU
		{8C95FA90-E92C-4FB9-AFCB-61F578513CFE}.Release|Any CPU.ActiveCfg = Release|Any CPU
		{8C95FA90-E92C-4FB9-AFCB-61F578513CFE}.Release|Any CPU.Build.0 = Release|Any CPU
		{7C6FDE1B-F653-4D96-AC1D-AE2792338574}.Debug|Any CPU.ActiveCfg = Debug|Any CPU
		{7C6FDE1B-F653-4D96-AC1D-AE2792338574}.Debug|Any CPU.Build.0 = Debug|Any CPU
		{7C6FDE1B-F653-4D96-AC1D-AE2792338574}.Release|Any CPU.ActiveCfg = Release|Any CPU
		{7C6FDE1B-F653-4D96-AC1D-AE2792338574}.Release|Any CPU.Build.0 = Release|Any CPU
		{859B2A19-0C09-4E20-B1C3-D0DB22804D59}.Debug|Any CPU.ActiveCfg = Debug|Any CPU
		{859B2A19-0C09-4E20-B1C3-D0DB22804D59}.Debug|Any CPU.Build.0 = Debug|Any CPU
		{859B2A19-0C09-4E20-B1C3-D0DB22804D59}.Release|Any CPU.ActiveCfg = Release|Any CPU
		{859B2A19-0C09-4E20-B1C3-D0DB22804D59}.Release|Any CPU.Build.0 = Release|Any CPU
		{A04E810B-B1F7-46CA-B307-C76BAFE2E6D7}.Debug|Any CPU.ActiveCfg = Debug|Any CPU
		{A04E810B-B1F7-46CA-B307-C76BAFE2E6D7}.Debug|Any CPU.Build.0 = Debug|Any CPU
		{A04E810B-B1F7-46CA-B307-C76BAFE2E6D7}.Release|Any CPU.ActiveCfg = Release|Any CPU
		{A04E810B-B1F7-46CA-B307-C76BAFE2E6D7}.Release|Any CPU.Build.0 = Release|Any CPU
		{6DB3BB32-356F-4DC3-9D3E-3EB059C85909}.Debug|Any CPU.ActiveCfg = Debug|Any CPU
		{6DB3BB32-356F-4DC3-9D3E-3EB059C85909}.Debug|Any CPU.Build.0 = Debug|Any CPU
		{6DB3BB32-356F-4DC3-9D3E-3EB059C85909}.Release|Any CPU.ActiveCfg = Release|Any CPU
		{6DB3BB32-356F-4DC3-9D3E-3EB059C85909}.Release|Any CPU.Build.0 = Release|Any CPU
		{E394E7B5-A92B-41D7-AA44-BB582907E3FF}.Debug|Any CPU.ActiveCfg = Debug|Any CPU
		{E394E7B5-A92B-41D7-AA44-BB582907E3FF}.Debug|Any CPU.Build.0 = Debug|Any CPU
		{E394E7B5-A92B-41D7-AA44-BB582907E3FF}.Release|Any CPU.ActiveCfg = Release|Any CPU
		{E394E7B5-A92B-41D7-AA44-BB582907E3FF}.Release|Any CPU.Build.0 = Release|Any CPU
		{E5DE76E9-A850-48A6-B2CA-74DFAF19BBFF}.Debug|Any CPU.ActiveCfg = Debug|Any CPU
		{E5DE76E9-A850-48A6-B2CA-74DFAF19BBFF}.Debug|Any CPU.Build.0 = Debug|Any CPU
		{E5DE76E9-A850-48A6-B2CA-74DFAF19BBFF}.Release|Any CPU.ActiveCfg = Release|Any CPU
		{E5DE76E9-A850-48A6-B2CA-74DFAF19BBFF}.Release|Any CPU.Build.0 = Release|Any CPU
		{F60CAF5E-EDAE-439A-B09C-ADED90EDA322}.Debug|Any CPU.ActiveCfg = Debug|Any CPU
		{F60CAF5E-EDAE-439A-B09C-ADED90EDA322}.Debug|Any CPU.Build.0 = Debug|Any CPU
		{F60CAF5E-EDAE-439A-B09C-ADED90EDA322}.Release|Any CPU.ActiveCfg = Release|Any CPU
		{F60CAF5E-EDAE-439A-B09C-ADED90EDA322}.Release|Any CPU.Build.0 = Release|Any CPU
	EndGlobalSection
	GlobalSection(SolutionProperties) = preSolution
		HideSolutionNode = FALSE
	EndGlobalSection
	GlobalSection(NestedProjects) = preSolution
		{C08B193D-14A8-4BFF-8E73-CD11218BB780} = {1B694160-E0C3-448C-B079-88808D886A31}
		{1D70C4EE-B905-4914-BF95-1A15DCE4119D} = {1B694160-E0C3-448C-B079-88808D886A31}
		{AE0F31C5-66D5-4729-B658-9D810D8DAFC0} = {1B694160-E0C3-448C-B079-88808D886A31}
		{69F83FD2-D899-46B5-AE6C-6B9C816E36BB} = {1B694160-E0C3-448C-B079-88808D886A31}
		{EEE93870-B37E-43C0-9FBC-B9B1C1AEC020} = {1B694160-E0C3-448C-B079-88808D886A31}
		{C8B23725-5AD5-4E30-AE5F-10912ADFBE41} = {1B694160-E0C3-448C-B079-88808D886A31}
		{389E7BCC-3A5E-4F28-B4FF-E8095AB53E34} = {1B694160-E0C3-448C-B079-88808D886A31}
		{05DBBB30-1D67-4803-B72F-C765BFC86F0D} = {1B694160-E0C3-448C-B079-88808D886A31}
		{C0A09F1D-4BFD-4BCF-A145-25C3C7B01276} = {1B694160-E0C3-448C-B079-88808D886A31}
		{7571B08D-0C4D-4359-B748-847A28C5F309} = {1B694160-E0C3-448C-B079-88808D886A31}
		{AF85526D-0079-4C81-B05C-171989417679} = {1B694160-E0C3-448C-B079-88808D886A31}
		{E7334FF4-58C0-467D-8A9B-5BD8AB6A8105} = {1B694160-E0C3-448C-B079-88808D886A31}
		{4FF1484D-06E0-4AB7-9D47-22471EE95A74} = {1B694160-E0C3-448C-B079-88808D886A31}
		{55B77958-B7E7-464C-84E6-B0D20788F696} = {1B694160-E0C3-448C-B079-88808D886A31}
		{2BDC3BA5-E68F-43A5-81D0-7ACA569536EC} = {1B694160-E0C3-448C-B079-88808D886A31}
		{659E8FE3-EC4A-4BEF-973B-A9F21BCC8DF8} = {1B694160-E0C3-448C-B079-88808D886A31}
		{ECB477EF-AFAF-4908-B971-A4830E57CAAB} = {1B694160-E0C3-448C-B079-88808D886A31}
		{072A88B0-3131-400E-AE33-F5A87B395B69} = {1B694160-E0C3-448C-B079-88808D886A31}
		{70F66D3E-8D54-4075-A0CE-38893D452086} = {1B694160-E0C3-448C-B079-88808D886A31}
		{9EF55112-4679-4300-974A-266839696042} = {70F66D3E-8D54-4075-A0CE-38893D452086}
		{6E579222-297B-476C-9AF4-ABC0C59C18D3} = {1B694160-E0C3-448C-B079-88808D886A31}
		{9F800AD8-8C09-4C6A-99CF-749B59EBE74E} = {6E579222-297B-476C-9AF4-ABC0C59C18D3}
		{9C611B0B-9D8A-46A0-A649-9F0B821856A2} = {6E579222-297B-476C-9AF4-ABC0C59C18D3}
		{1950E085-7F39-4C22-A934-F6FAB2E322E3} = {6E579222-297B-476C-9AF4-ABC0C59C18D3}
		{037F7AD2-67FD-49F3-9802-FCB4753BE0BA} = {6E579222-297B-476C-9AF4-ABC0C59C18D3}
		{49500D7F-265C-4652-BE85-64988D85E9A7} = {6E579222-297B-476C-9AF4-ABC0C59C18D3}
		{34030EFF-BAAA-431B-93AF-1A83E2247EBA} = {6E579222-297B-476C-9AF4-ABC0C59C18D3}
		{3C7F7853-E7E5-46E5-81F5-949C5452D5ED} = {6E579222-297B-476C-9AF4-ABC0C59C18D3}
		{41EE6CB4-FE6B-4851-B78D-EDF8BE74A01E} = {6E579222-297B-476C-9AF4-ABC0C59C18D3}
		{905BD664-9D5A-4C01-82ED-4AFB0512618B} = {6E579222-297B-476C-9AF4-ABC0C59C18D3}
		{96E840E5-9246-4BC3-9EB1-BA2E49141A37} = {6E579222-297B-476C-9AF4-ABC0C59C18D3}
		{07384A04-1524-4FEB-AA13-837E926814C4} = {6E579222-297B-476C-9AF4-ABC0C59C18D3}
		{A8DFFB9C-BE37-4486-81DE-E2E3A29A64A3} = {6E579222-297B-476C-9AF4-ABC0C59C18D3}
		{8C95FA90-E92C-4FB9-AFCB-61F578513CFE} = {6E579222-297B-476C-9AF4-ABC0C59C18D3}
		{7C6FDE1B-F653-4D96-AC1D-AE2792338574} = {6E579222-297B-476C-9AF4-ABC0C59C18D3}
		{859B2A19-0C09-4E20-B1C3-D0DB22804D59} = {6E579222-297B-476C-9AF4-ABC0C59C18D3}
		{A04E810B-B1F7-46CA-B307-C76BAFE2E6D7} = {6E579222-297B-476C-9AF4-ABC0C59C18D3}
		{6DB3BB32-356F-4DC3-9D3E-3EB059C85909} = {70F66D3E-8D54-4075-A0CE-38893D452086}
		{E394E7B5-A92B-41D7-AA44-BB582907E3FF} = {6E579222-297B-476C-9AF4-ABC0C59C18D3}
		{E5DE76E9-A850-48A6-B2CA-74DFAF19BBFF} = {6E579222-297B-476C-9AF4-ABC0C59C18D3}
		{F60CAF5E-EDAE-439A-B09C-ADED90EDA322} = {6E579222-297B-476C-9AF4-ABC0C59C18D3}
	EndGlobalSection
EndGlobal
