
Microsoft Visual Studio Solution File, Format Version 12.00
# Visual Studio 14
VisualStudioVersion = 14.0.25420.1
MinimumVisualStudioVersion = 10.0.40219.1
Project("{2150E333-8FDC-42A3-9474-1A3956D46DE8}") = "C_Sharp", "C_Sharp", "{1B694160-E0C3-448C-B079-88808D886A31}"
EndProject
Project("{FAE04EC0-301F-11D3-BF4B-00C04F79EFBC}") = "Group_Anagrams", "Group_Anagrams\Group_Anagrams.csproj", "{C08B193D-14A8-4BFF-8E73-CD11218BB780}"
EndProject
Project("{FAE04EC0-301F-11D3-BF4B-00C04F79EFBC}") = "postorder_from_inorder_preorder", "postorder_from_inorder_preorder\postorder_from_inorder_preorder.csproj", "{1D70C4EE-B905-4914-BF95-1A15DCE4119D}"
EndProject
Project("{FAE04EC0-301F-11D3-BF4B-00C04F79EFBC}") = "Nuts_And_Bolts", "Nuts_And_Bolts\Nuts_And_Bolts.csproj", "{AE0F31C5-66D5-4729-B658-9D810D8DAFC0}"
EndProject
Project("{FAE04EC0-301F-11D3-BF4B-00C04F79EFBC}") = "Closest_elements_to_value", "Closest_elements_to_value\Closest_elements_to_value.csproj", "{69F83FD2-D899-46B5-AE6C-6B9C816E36BB}"
EndProject
Project("{FAE04EC0-301F-11D3-BF4B-00C04F79EFBC}") = "Distance_Between_TwoNodes_BinaryTree", "Distance_Between_TwoNodes_BinaryTree\Distance_Between_TwoNodes_BinaryTree.csproj", "{EEE93870-B37E-43C0-9FBC-B9B1C1AEC020}"
EndProject
Project("{2150E333-8FDC-42A3-9474-1A3956D46DE8}") = "Misc", "Misc", "{4A839044-2698-4339-8975-5DE93A1A9A85}"
	ProjectSection(SolutionItems) = preProject
		Design.txt = Design.txt
		Dynamic_Programming.txt = Dynamic_Programming.txt
		Stuck.txt = Stuck.txt
		Theoretical.txt = Theoretical.txt
	EndProjectSection
EndProject
Project("{FAE04EC0-301F-11D3-BF4B-00C04F79EFBC}") = "Level_Order_Tree_Traversal", "Level_Order_Tree_Traversal\Level_Order_Tree_Traversal.csproj", "{C8B23725-5AD5-4E30-AE5F-10912ADFBE41}"
EndProject
Project("{FAE04EC0-301F-11D3-BF4B-00C04F79EFBC}") = "ShortestChain_Length_To_Reach_TargetWord", "ShortestChain_Length_To_Reach_TargetWord\ShortestChain_Length_To_Reach_TargetWord.csproj", "{389E7BCC-3A5E-4F28-B4FF-E8095AB53E34}"
EndProject
Project("{FAE04EC0-301F-11D3-BF4B-00C04F79EFBC}") = "BinaryTree_Subtree_Of_Another_BinaryTree", "BinaryTree_Subtree_Of_Another_BinaryTree\BinaryTree_Subtree_Of_Another_BinaryTree.csproj", "{05DBBB30-1D67-4803-B72F-C765BFC86F0D}"
EndProject
Project("{FAE04EC0-301F-11D3-BF4B-00C04F79EFBC}") = "IntersectionPoint_Two_LinkedLists", "IntersectionPoint_Two_LinkedLists\IntersectionPoint_Two_LinkedLists.csproj", "{C0A09F1D-4BFD-4BCF-A145-25C3C7B01276}"
EndProject
Project("{FAE04EC0-301F-11D3-BF4B-00C04F79EFBC}") = "SortedArray_To_BST", "SortedArray_To_BST\SortedArray_To_BST.csproj", "{7571B08D-0C4D-4359-B748-847A28C5F309}"
EndProject
Project("{FAE04EC0-301F-11D3-BF4B-00C04F79EFBC}") = "AllPossiblePaths_From_TopLeft_DoubleMatrix", "AllPossiblePaths_From_TopLeft_DoubleMatrix\AllPossiblePaths_From_TopLeft_DoubleMatrix.csproj", "{AF85526D-0079-4C81-B05C-171989417679}"
EndProject
Project("{FAE04EC0-301F-11D3-BF4B-00C04F79EFBC}") = "BinaryTree_To_Mirror_Tree", "BinaryTree_To_Mirror_Tree\BinaryTree_To_Mirror_Tree.csproj", "{E7334FF4-58C0-467D-8A9B-5BD8AB6A8105}"
EndProject
Project("{FAE04EC0-301F-11D3-BF4B-00C04F79EFBC}") = "Remove_Duplicates_From_InputString", "Remove_Duplicates_From_InputString\Remove_Duplicates_From_InputString.csproj", "{4FF1484D-06E0-4AB7-9D47-22471EE95A74}"
EndProject
Project("{FAE04EC0-301F-11D3-BF4B-00C04F79EFBC}") = "Inorder_PredecessorSuccessor_GivenKey_BST", "Inorder_PredecessorSuccessor_GivenKey_BST\Inorder_PredecessorSuccessor_GivenKey_BST.csproj", "{55B77958-B7E7-464C-84E6-B0D20788F696}"
EndProject
Project("{FAE04EC0-301F-11D3-BF4B-00C04F79EFBC}") = "AllNodes_AtDistance_K_From_GivenNode", "AllNodes_AtDistance_K_From_GivenNode\AllNodes_AtDistance_K_From_GivenNode.csproj", "{2BDC3BA5-E68F-43A5-81D0-7ACA569536EC}"
EndProject
Project("{FAE04EC0-301F-11D3-BF4B-00C04F79EFBC}") = "Check_If_BinaryTree_Is_BST", "Check_If_BinaryTree_Is_BST\Check_If_BinaryTree_Is_BST.csproj", "{659E8FE3-EC4A-4BEF-973B-A9F21BCC8DF8}"
EndProject
Project("{FAE04EC0-301F-11D3-BF4B-00C04F79EFBC}") = "Nodes_Without_Sibling_BinaryTree", "Nodes_Without_Sibling_BinaryTree\Nodes_Without_Sibling_BinaryTree.csproj", "{ECB477EF-AFAF-4908-B971-A4830E57CAAB}"
EndProject
Project("{FAE04EC0-301F-11D3-BF4B-00C04F79EFBC}") = "Reverse_LinkedList", "Reverse_LinkedList\Reverse_LinkedList.csproj", "{072A88B0-3131-400E-AE33-F5A87B395B69}"
EndProject
Project("{2150E333-8FDC-42A3-9474-1A3956D46DE8}") = "DP", "DP", "{70F66D3E-8D54-4075-A0CE-38893D452086}"
EndProject
Project("{FAE04EC0-301F-11D3-BF4B-00C04F79EFBC}") = "Longest_Palindromic_Subsequence", "Longest_Palindromic_Subsequence\Longest_Palindromic_Subsequence.csproj", "{9EF55112-4679-4300-974A-266839696042}"
EndProject
Global
	GlobalSection(SolutionConfigurationPlatforms) = preSolution
		Debug|Any CPU = Debug|Any CPU
		Release|Any CPU = Release|Any CPU
	EndGlobalSection
	GlobalSection(ProjectConfigurationPlatforms) = postSolution
		{C08B193D-14A8-4BFF-8E73-CD11218BB780}.Debug|Any CPU.ActiveCfg = Debug|Any CPU
		{C08B193D-14A8-4BFF-8E73-CD11218BB780}.Debug|Any CPU.Build.0 = Debug|Any CPU
		{C08B193D-14A8-4BFF-8E73-CD11218BB780}.Release|Any CPU.ActiveCfg = Release|Any CPU
		{C08B193D-14A8-4BFF-8E73-CD11218BB780}.Release|Any CPU.Build.0 = Release|Any CPU
		{1D70C4EE-B905-4914-BF95-1A15DCE4119D}.Debug|Any CPU.ActiveCfg = Debug|Any CPU
		{1D70C4EE-B905-4914-BF95-1A15DCE4119D}.Debug|Any CPU.Build.0 = Debug|Any CPU
		{1D70C4EE-B905-4914-BF95-1A15DCE4119D}.Release|Any CPU.ActiveCfg = Release|Any CPU
		{1D70C4EE-B905-4914-BF95-1A15DCE4119D}.Release|Any CPU.Build.0 = Release|Any CPU
		{AE0F31C5-66D5-4729-B658-9D810D8DAFC0}.Debug|Any CPU.ActiveCfg = Debug|Any CPU
		{AE0F31C5-66D5-4729-B658-9D810D8DAFC0}.Debug|Any CPU.Build.0 = Debug|Any CPU
		{AE0F31C5-66D5-4729-B658-9D810D8DAFC0}.Release|Any CPU.ActiveCfg = Release|Any CPU
		{AE0F31C5-66D5-4729-B658-9D810D8DAFC0}.Release|Any CPU.Build.0 = Release|Any CPU
		{69F83FD2-D899-46B5-AE6C-6B9C816E36BB}.Debug|Any CPU.ActiveCfg = Debug|Any CPU
		{69F83FD2-D899-46B5-AE6C-6B9C816E36BB}.Debug|Any CPU.Build.0 = Debug|Any CPU
		{69F83FD2-D899-46B5-AE6C-6B9C816E36BB}.Release|Any CPU.ActiveCfg = Release|Any CPU
		{69F83FD2-D899-46B5-AE6C-6B9C816E36BB}.Release|Any CPU.Build.0 = Release|Any CPU
		{EEE93870-B37E-43C0-9FBC-B9B1C1AEC020}.Debug|Any CPU.ActiveCfg = Debug|Any CPU
		{EEE93870-B37E-43C0-9FBC-B9B1C1AEC020}.Debug|Any CPU.Build.0 = Debug|Any CPU
		{EEE93870-B37E-43C0-9FBC-B9B1C1AEC020}.Release|Any CPU.ActiveCfg = Release|Any CPU
		{EEE93870-B37E-43C0-9FBC-B9B1C1AEC020}.Release|Any CPU.Build.0 = Release|Any CPU
		{C8B23725-5AD5-4E30-AE5F-10912ADFBE41}.Debug|Any CPU.ActiveCfg = Debug|Any CPU
		{C8B23725-5AD5-4E30-AE5F-10912ADFBE41}.Debug|Any CPU.Build.0 = Debug|Any CPU
		{C8B23725-5AD5-4E30-AE5F-10912ADFBE41}.Release|Any CPU.ActiveCfg = Release|Any CPU
		{C8B23725-5AD5-4E30-AE5F-10912ADFBE41}.Release|Any CPU.Build.0 = Release|Any CPU
		{389E7BCC-3A5E-4F28-B4FF-E8095AB53E34}.Debug|Any CPU.ActiveCfg = Debug|Any CPU
		{389E7BCC-3A5E-4F28-B4FF-E8095AB53E34}.Debug|Any CPU.Build.0 = Debug|Any CPU
		{389E7BCC-3A5E-4F28-B4FF-E8095AB53E34}.Release|Any CPU.ActiveCfg = Release|Any CPU
		{389E7BCC-3A5E-4F28-B4FF-E8095AB53E34}.Release|Any CPU.Build.0 = Release|Any CPU
		{05DBBB30-1D67-4803-B72F-C765BFC86F0D}.Debug|Any CPU.ActiveCfg = Debug|Any CPU
		{05DBBB30-1D67-4803-B72F-C765BFC86F0D}.Debug|Any CPU.Build.0 = Debug|Any CPU
		{05DBBB30-1D67-4803-B72F-C765BFC86F0D}.Release|Any CPU.ActiveCfg = Release|Any CPU
		{05DBBB30-1D67-4803-B72F-C765BFC86F0D}.Release|Any CPU.Build.0 = Release|Any CPU
		{C0A09F1D-4BFD-4BCF-A145-25C3C7B01276}.Debug|Any CPU.ActiveCfg = Debug|Any CPU
		{C0A09F1D-4BFD-4BCF-A145-25C3C7B01276}.Debug|Any CPU.Build.0 = Debug|Any CPU
		{C0A09F1D-4BFD-4BCF-A145-25C3C7B01276}.Release|Any CPU.ActiveCfg = Release|Any CPU
		{C0A09F1D-4BFD-4BCF-A145-25C3C7B01276}.Release|Any CPU.Build.0 = Release|Any CPU
		{7571B08D-0C4D-4359-B748-847A28C5F309}.Debug|Any CPU.ActiveCfg = Debug|Any CPU
		{7571B08D-0C4D-4359-B748-847A28C5F309}.Debug|Any CPU.Build.0 = Debug|Any CPU
		{7571B08D-0C4D-4359-B748-847A28C5F309}.Release|Any CPU.ActiveCfg = Release|Any CPU
		{7571B08D-0C4D-4359-B748-847A28C5F309}.Release|Any CPU.Build.0 = Release|Any CPU
		{AF85526D-0079-4C81-B05C-171989417679}.Debug|Any CPU.ActiveCfg = Debug|Any CPU
		{AF85526D-0079-4C81-B05C-171989417679}.Debug|Any CPU.Build.0 = Debug|Any CPU
		{AF85526D-0079-4C81-B05C-171989417679}.Release|Any CPU.ActiveCfg = Release|Any CPU
		{AF85526D-0079-4C81-B05C-171989417679}.Release|Any CPU.Build.0 = Release|Any CPU
		{E7334FF4-58C0-467D-8A9B-5BD8AB6A8105}.Debug|Any CPU.ActiveCfg = Debug|Any CPU
		{E7334FF4-58C0-467D-8A9B-5BD8AB6A8105}.Debug|Any CPU.Build.0 = Debug|Any CPU
		{E7334FF4-58C0-467D-8A9B-5BD8AB6A8105}.Release|Any CPU.ActiveCfg = Release|Any CPU
		{E7334FF4-58C0-467D-8A9B-5BD8AB6A8105}.Release|Any CPU.Build.0 = Release|Any CPU
		{4FF1484D-06E0-4AB7-9D47-22471EE95A74}.Debug|Any CPU.ActiveCfg = Debug|Any CPU
		{4FF1484D-06E0-4AB7-9D47-22471EE95A74}.Debug|Any CPU.Build.0 = Debug|Any CPU
		{4FF1484D-06E0-4AB7-9D47-22471EE95A74}.Release|Any CPU.ActiveCfg = Release|Any CPU
		{4FF1484D-06E0-4AB7-9D47-22471EE95A74}.Release|Any CPU.Build.0 = Release|Any CPU
		{55B77958-B7E7-464C-84E6-B0D20788F696}.Debug|Any CPU.ActiveCfg = Debug|Any CPU
		{55B77958-B7E7-464C-84E6-B0D20788F696}.Debug|Any CPU.Build.0 = Debug|Any CPU
		{55B77958-B7E7-464C-84E6-B0D20788F696}.Release|Any CPU.ActiveCfg = Release|Any CPU
		{55B77958-B7E7-464C-84E6-B0D20788F696}.Release|Any CPU.Build.0 = Release|Any CPU
		{2BDC3BA5-E68F-43A5-81D0-7ACA569536EC}.Debug|Any CPU.ActiveCfg = Debug|Any CPU
		{2BDC3BA5-E68F-43A5-81D0-7ACA569536EC}.Debug|Any CPU.Build.0 = Debug|Any CPU
		{2BDC3BA5-E68F-43A5-81D0-7ACA569536EC}.Release|Any CPU.ActiveCfg = Release|Any CPU
		{2BDC3BA5-E68F-43A5-81D0-7ACA569536EC}.Release|Any CPU.Build.0 = Release|Any CPU
		{659E8FE3-EC4A-4BEF-973B-A9F21BCC8DF8}.Debug|Any CPU.ActiveCfg = Debug|Any CPU
		{659E8FE3-EC4A-4BEF-973B-A9F21BCC8DF8}.Debug|Any CPU.Build.0 = Debug|Any CPU
		{659E8FE3-EC4A-4BEF-973B-A9F21BCC8DF8}.Release|Any CPU.ActiveCfg = Release|Any CPU
		{659E8FE3-EC4A-4BEF-973B-A9F21BCC8DF8}.Release|Any CPU.Build.0 = Release|Any CPU
		{ECB477EF-AFAF-4908-B971-A4830E57CAAB}.Debug|Any CPU.ActiveCfg = Debug|Any CPU
		{ECB477EF-AFAF-4908-B971-A4830E57CAAB}.Debug|Any CPU.Build.0 = Debug|Any CPU
		{ECB477EF-AFAF-4908-B971-A4830E57CAAB}.Release|Any CPU.ActiveCfg = Release|Any CPU
		{ECB477EF-AFAF-4908-B971-A4830E57CAAB}.Release|Any CPU.Build.0 = Release|Any CPU
		{072A88B0-3131-400E-AE33-F5A87B395B69}.Debug|Any CPU.ActiveCfg = Debug|Any CPU
		{072A88B0-3131-400E-AE33-F5A87B395B69}.Debug|Any CPU.Build.0 = Debug|Any CPU
		{072A88B0-3131-400E-AE33-F5A87B395B69}.Release|Any CPU.ActiveCfg = Release|Any CPU
		{072A88B0-3131-400E-AE33-F5A87B395B69}.Release|Any CPU.Build.0 = Release|Any CPU
		{9EF55112-4679-4300-974A-266839696042}.Debug|Any CPU.ActiveCfg = Debug|Any CPU
		{9EF55112-4679-4300-974A-266839696042}.Debug|Any CPU.Build.0 = Debug|Any CPU
		{9EF55112-4679-4300-974A-266839696042}.Release|Any CPU.ActiveCfg = Release|Any CPU
		{9EF55112-4679-4300-974A-266839696042}.Release|Any CPU.Build.0 = Release|Any CPU
	EndGlobalSection
	GlobalSection(SolutionProperties) = preSolution
		HideSolutionNode = FALSE
	EndGlobalSection
	GlobalSection(NestedProjects) = preSolution
		{C08B193D-14A8-4BFF-8E73-CD11218BB780} = {1B694160-E0C3-448C-B079-88808D886A31}
		{1D70C4EE-B905-4914-BF95-1A15DCE4119D} = {1B694160-E0C3-448C-B079-88808D886A31}
		{AE0F31C5-66D5-4729-B658-9D810D8DAFC0} = {1B694160-E0C3-448C-B079-88808D886A31}
		{69F83FD2-D899-46B5-AE6C-6B9C816E36BB} = {1B694160-E0C3-448C-B079-88808D886A31}
		{EEE93870-B37E-43C0-9FBC-B9B1C1AEC020} = {1B694160-E0C3-448C-B079-88808D886A31}
		{C8B23725-5AD5-4E30-AE5F-10912ADFBE41} = {1B694160-E0C3-448C-B079-88808D886A31}
		{389E7BCC-3A5E-4F28-B4FF-E8095AB53E34} = {1B694160-E0C3-448C-B079-88808D886A31}
		{05DBBB30-1D67-4803-B72F-C765BFC86F0D} = {1B694160-E0C3-448C-B079-88808D886A31}
		{C0A09F1D-4BFD-4BCF-A145-25C3C7B01276} = {1B694160-E0C3-448C-B079-88808D886A31}
		{7571B08D-0C4D-4359-B748-847A28C5F309} = {1B694160-E0C3-448C-B079-88808D886A31}
		{AF85526D-0079-4C81-B05C-171989417679} = {1B694160-E0C3-448C-B079-88808D886A31}
		{E7334FF4-58C0-467D-8A9B-5BD8AB6A8105} = {1B694160-E0C3-448C-B079-88808D886A31}
		{4FF1484D-06E0-4AB7-9D47-22471EE95A74} = {1B694160-E0C3-448C-B079-88808D886A31}
		{55B77958-B7E7-464C-84E6-B0D20788F696} = {1B694160-E0C3-448C-B079-88808D886A31}
		{2BDC3BA5-E68F-43A5-81D0-7ACA569536EC} = {1B694160-E0C3-448C-B079-88808D886A31}
		{659E8FE3-EC4A-4BEF-973B-A9F21BCC8DF8} = {1B694160-E0C3-448C-B079-88808D886A31}
		{ECB477EF-AFAF-4908-B971-A4830E57CAAB} = {1B694160-E0C3-448C-B079-88808D886A31}
		{072A88B0-3131-400E-AE33-F5A87B395B69} = {1B694160-E0C3-448C-B079-88808D886A31}
		{70F66D3E-8D54-4075-A0CE-38893D452086} = {1B694160-E0C3-448C-B079-88808D886A31}
		{9EF55112-4679-4300-974A-266839696042} = {70F66D3E-8D54-4075-A0CE-38893D452086}
	EndGlobalSection
EndGlobal
